
Microsoft Visual Studio Solution File, Format Version 12.00
# Visual Studio Version 16
VisualStudioVersion = 16.0.30320.27
MinimumVisualStudioVersion = 10.0.40219.1
Project("{FAE04EC0-301F-11D3-BF4B-00C04F79EFBC}") = "ThomasGreg.API.Cliente", "ThomasGreg.API.Cliente.csproj", "{AF64F70B-B050-4BAD-90FB-78365ECFA5B4}"
EndProject
Project("{FAE04EC0-301F-11D3-BF4B-00C04F79EFBC}") = "ThomasGreg.API.Usuario", "..\ThomasGreg.API.Usuario\ThomasGreg.API.Usuario.csproj", "{4D4E8DEB-0844-4769-B321-8F14D762E9C9}"
EndProject
Project("{FAE04EC0-301F-11D3-BF4B-00C04F79EFBC}") = "ThomasGreg.API.Logradouro", "..\ThomasGreg.API.Logradouro\ThomasGreg.API.Logradouro.csproj", "{F2C12CCB-65BC-422A-91EC-1AD5CFC8A494}"
EndProject
Project("{FAE04EC0-301F-11D3-BF4B-00C04F79EFBC}") = "ThomasGreg.DAL", "..\ThomasGreg.DAL\ThomasGreg.DAL.csproj", "{0A1E8CF9-C2ED-4B63-8244-86D5218B8CFE}"
EndProject
Project("{FAE04EC0-301F-11D3-BF4B-00C04F79EFBC}") = "ThomasGreg.Entidade", "..\ThomasGreg.Entidade\ThomasGreg.Entidade.csproj", "{A86FD0AD-0140-46DD-9AAB-5BE94544C2E9}"
EndProject
Project("{FAE04EC0-301F-11D3-BF4B-00C04F79EFBC}") = "ThomasGreg.Site", "..\ThomasGreg.Site\ThomasGreg.Site.csproj", "{16CC2C9D-1AD0-41BF-B33A-36A810264ADC}"
EndProject
Global
	GlobalSection(SolutionConfigurationPlatforms) = preSolution
		Debug|Any CPU = Debug|Any CPU
		Release|Any CPU = Release|Any CPU
	EndGlobalSection
	GlobalSection(ProjectConfigurationPlatforms) = postSolution
		{AF64F70B-B050-4BAD-90FB-78365ECFA5B4}.Debug|Any CPU.ActiveCfg = Debug|Any CPU
		{AF64F70B-B050-4BAD-90FB-78365ECFA5B4}.Debug|Any CPU.Build.0 = Debug|Any CPU
		{AF64F70B-B050-4BAD-90FB-78365ECFA5B4}.Release|Any CPU.ActiveCfg = Release|Any CPU
		{AF64F70B-B050-4BAD-90FB-78365ECFA5B4}.Release|Any CPU.Build.0 = Release|Any CPU
		{4D4E8DEB-0844-4769-B321-8F14D762E9C9}.Debug|Any CPU.ActiveCfg = Debug|Any CPU
		{4D4E8DEB-0844-4769-B321-8F14D762E9C9}.Debug|Any CPU.Build.0 = Debug|Any CPU
		{4D4E8DEB-0844-4769-B321-8F14D762E9C9}.Release|Any CPU.ActiveCfg = Release|Any CPU
		{4D4E8DEB-0844-4769-B321-8F14D762E9C9}.Release|Any CPU.Build.0 = Release|Any CPU
		{F2C12CCB-65BC-422A-91EC-1AD5CFC8A494}.Debug|Any CPU.ActiveCfg = Debug|Any CPU
		{F2C12CCB-65BC-422A-91EC-1AD5CFC8A494}.Debug|Any CPU.Build.0 = Debug|Any CPU
		{F2C12CCB-65BC-422A-91EC-1AD5CFC8A494}.Release|Any CPU.ActiveCfg = Release|Any CPU
		{F2C12CCB-65BC-422A-91EC-1AD5CFC8A494}.Release|Any CPU.Build.0 = Release|Any CPU
		{0A1E8CF9-C2ED-4B63-8244-86D5218B8CFE}.Debug|Any CPU.ActiveCfg = Debug|Any CPU
		{0A1E8CF9-C2ED-4B63-8244-86D5218B8CFE}.Debug|Any CPU.Build.0 = Debug|Any CPU
		{0A1E8CF9-C2ED-4B63-8244-86D5218B8CFE}.Release|Any CPU.ActiveCfg = Release|Any CPU
		{0A1E8CF9-C2ED-4B63-8244-86D5218B8CFE}.Release|Any CPU.Build.0 = Release|Any CPU
		{A86FD0AD-0140-46DD-9AAB-5BE94544C2E9}.Debug|Any CPU.ActiveCfg = Debug|Any CPU
		{A86FD0AD-0140-46DD-9AAB-5BE94544C2E9}.Debug|Any CPU.Build.0 = Debug|Any CPU
		{A86FD0AD-0140-46DD-9AAB-5BE94544C2E9}.Release|Any CPU.ActiveCfg = Release|Any CPU
		{A86FD0AD-0140-46DD-9AAB-5BE94544C2E9}.Release|Any CPU.Build.0 = Release|Any CPU
		{16CC2C9D-1AD0-41BF-B33A-36A810264ADC}.Debug|Any CPU.ActiveCfg = Debug|Any CPU
		{16CC2C9D-1AD0-41BF-B33A-36A810264ADC}.Debug|Any CPU.Build.0 = Debug|Any CPU
		{16CC2C9D-1AD0-41BF-B33A-36A810264ADC}.Release|Any CPU.ActiveCfg = Release|Any CPU
		{16CC2C9D-1AD0-41BF-B33A-36A810264ADC}.Release|Any CPU.Build.0 = Release|Any CPU
	EndGlobalSection
	GlobalSection(SolutionProperties) = preSolution
		HideSolutionNode = FALSE
	EndGlobalSection
	GlobalSection(ExtensibilityGlobals) = postSolution
		SolutionGuid = {39DFF3E0-55E9-4D19-8FF7-FB1F7B967CA8}
	EndGlobalSection
EndGlobal
